// !$*UTF8*$!
{
	archiveVersion = 1;
	classes = {
	};
	objectVersion = 50;
	objects = {

/* Begin PBXBuildFile section */
		090528579CA702DE5970C568 /* Pods_KnowledgeSet.framework in Frameworks */ = {isa = PBXBuildFile; fileRef = 30019F33D4785B527B3C618C /* Pods_KnowledgeSet.framework */; };
		2DDCE97A23E562957DD4C2B9 /* Pods_KnowledgeSetTests.framework in Frameworks */ = {isa = PBXBuildFile; fileRef = 605885AE977FD9E41520AC7A /* Pods_KnowledgeSetTests.framework */; };
		43151F5E632EAB966BD972CC /* Pods_KnowledgeSet_KnowledgeSetUITests.framework in Frameworks */ = {isa = PBXBuildFile; fileRef = 32BEE73CD199AB2850DD551B /* Pods_KnowledgeSet_KnowledgeSetUITests.framework */; };
		475D099E25552EEC0087A9B1 /* AppDelegate.swift in Sources */ = {isa = PBXBuildFile; fileRef = 475D099D25552EEC0087A9B1 /* AppDelegate.swift */; };
		475D09A025552EEC0087A9B1 /* SceneDelegate.swift in Sources */ = {isa = PBXBuildFile; fileRef = 475D099F25552EEC0087A9B1 /* SceneDelegate.swift */; };
		475D09A225552EEC0087A9B1 /* ContentView.swift in Sources */ = {isa = PBXBuildFile; fileRef = 475D09A125552EEC0087A9B1 /* ContentView.swift */; };
		475D09A425552EEC0087A9B1 /* Assets.xcassets in Resources */ = {isa = PBXBuildFile; fileRef = 475D09A325552EEC0087A9B1 /* Assets.xcassets */; };
		475D09A725552EEC0087A9B1 /* Preview Assets.xcassets in Resources */ = {isa = PBXBuildFile; fileRef = 475D09A625552EEC0087A9B1 /* Preview Assets.xcassets */; };
		475D09AA25552EEC0087A9B1 /* LaunchScreen.storyboard in Resources */ = {isa = PBXBuildFile; fileRef = 475D09A825552EEC0087A9B1 /* LaunchScreen.storyboard */; };
		475D09B525552EEC0087A9B1 /* KnowledgeSetTests.swift in Sources */ = {isa = PBXBuildFile; fileRef = 475D09B425552EEC0087A9B1 /* KnowledgeSetTests.swift */; };
		475D09C025552EED0087A9B1 /* KnowledgeSetUITests.swift in Sources */ = {isa = PBXBuildFile; fileRef = 475D09BF25552EED0087A9B1 /* KnowledgeSetUITests.swift */; };
/* End PBXBuildFile section */

/* Begin PBXContainerItemProxy section */
		475D09B125552EEC0087A9B1 /* PBXContainerItemProxy */ = {
			isa = PBXContainerItemProxy;
			containerPortal = 475D099225552EEC0087A9B1 /* Project object */;
			proxyType = 1;
			remoteGlobalIDString = 475D099925552EEC0087A9B1;
			remoteInfo = KnowledgeSet;
		};
		475D09BC25552EED0087A9B1 /* PBXContainerItemProxy */ = {
			isa = PBXContainerItemProxy;
			containerPortal = 475D099225552EEC0087A9B1 /* Project object */;
			proxyType = 1;
			remoteGlobalIDString = 475D099925552EEC0087A9B1;
			remoteInfo = KnowledgeSet;
		};
/* End PBXContainerItemProxy section */

/* Begin PBXFileReference section */
		08613B55C87B4A4DAA69AEE0 /* Pods-KnowledgeSet-KnowledgeSetUITests.debug.xcconfig */ = {isa = PBXFileReference; includeInIndex = 1; lastKnownFileType = text.xcconfig; name = "Pods-KnowledgeSet-KnowledgeSetUITests.debug.xcconfig"; path = "Target Support Files/Pods-KnowledgeSet-KnowledgeSetUITests/Pods-KnowledgeSet-KnowledgeSetUITests.debug.xcconfig"; sourceTree = "<group>"; };
		30019F33D4785B527B3C618C /* Pods_KnowledgeSet.framework */ = {isa = PBXFileReference; explicitFileType = wrapper.framework; includeInIndex = 0; path = Pods_KnowledgeSet.framework; sourceTree = BUILT_PRODUCTS_DIR; };
		32BEE73CD199AB2850DD551B /* Pods_KnowledgeSet_KnowledgeSetUITests.framework */ = {isa = PBXFileReference; explicitFileType = wrapper.framework; includeInIndex = 0; path = Pods_KnowledgeSet_KnowledgeSetUITests.framework; sourceTree = BUILT_PRODUCTS_DIR; };
		475D099A25552EEC0087A9B1 /* KnowledgeSet.app */ = {isa = PBXFileReference; explicitFileType = wrapper.application; includeInIndex = 0; path = KnowledgeSet.app; sourceTree = BUILT_PRODUCTS_DIR; };
		475D099D25552EEC0087A9B1 /* AppDelegate.swift */ = {isa = PBXFileReference; lastKnownFileType = sourcecode.swift; path = AppDelegate.swift; sourceTree = "<group>"; };
		475D099F25552EEC0087A9B1 /* SceneDelegate.swift */ = {isa = PBXFileReference; lastKnownFileType = sourcecode.swift; path = SceneDelegate.swift; sourceTree = "<group>"; };
		475D09A125552EEC0087A9B1 /* ContentView.swift */ = {isa = PBXFileReference; lastKnownFileType = sourcecode.swift; path = ContentView.swift; sourceTree = "<group>"; };
		475D09A325552EEC0087A9B1 /* Assets.xcassets */ = {isa = PBXFileReference; lastKnownFileType = folder.assetcatalog; path = Assets.xcassets; sourceTree = "<group>"; };
		475D09A625552EEC0087A9B1 /* Preview Assets.xcassets */ = {isa = PBXFileReference; lastKnownFileType = folder.assetcatalog; path = "Preview Assets.xcassets"; sourceTree = "<group>"; };
		475D09A925552EEC0087A9B1 /* Base */ = {isa = PBXFileReference; lastKnownFileType = file.storyboard; name = Base; path = Base.lproj/LaunchScreen.storyboard; sourceTree = "<group>"; };
		475D09AB25552EEC0087A9B1 /* Info.plist */ = {isa = PBXFileReference; lastKnownFileType = text.plist.xml; path = Info.plist; sourceTree = "<group>"; };
		475D09B025552EEC0087A9B1 /* KnowledgeSetTests.xctest */ = {isa = PBXFileReference; explicitFileType = wrapper.cfbundle; includeInIndex = 0; path = KnowledgeSetTests.xctest; sourceTree = BUILT_PRODUCTS_DIR; };
		475D09B425552EEC0087A9B1 /* KnowledgeSetTests.swift */ = {isa = PBXFileReference; lastKnownFileType = sourcecode.swift; path = KnowledgeSetTests.swift; sourceTree = "<group>"; };
		475D09B625552EEC0087A9B1 /* Info.plist */ = {isa = PBXFileReference; lastKnownFileType = text.plist.xml; path = Info.plist; sourceTree = "<group>"; };
		475D09BB25552EED0087A9B1 /* KnowledgeSetUITests.xctest */ = {isa = PBXFileReference; explicitFileType = wrapper.cfbundle; includeInIndex = 0; path = KnowledgeSetUITests.xctest; sourceTree = BUILT_PRODUCTS_DIR; };
		475D09BF25552EED0087A9B1 /* KnowledgeSetUITests.swift */ = {isa = PBXFileReference; lastKnownFileType = sourcecode.swift; path = KnowledgeSetUITests.swift; sourceTree = "<group>"; };
		475D09C125552EED0087A9B1 /* Info.plist */ = {isa = PBXFileReference; lastKnownFileType = text.plist.xml; path = Info.plist; sourceTree = "<group>"; };
		605885AE977FD9E41520AC7A /* Pods_KnowledgeSetTests.framework */ = {isa = PBXFileReference; explicitFileType = wrapper.framework; includeInIndex = 0; path = Pods_KnowledgeSetTests.framework; sourceTree = BUILT_PRODUCTS_DIR; };
		7BDFEA8AF2FE5E1959FE3A99 /* Pods-KnowledgeSet.release.xcconfig */ = {isa = PBXFileReference; includeInIndex = 1; lastKnownFileType = text.xcconfig; name = "Pods-KnowledgeSet.release.xcconfig"; path = "Target Support Files/Pods-KnowledgeSet/Pods-KnowledgeSet.release.xcconfig"; sourceTree = "<group>"; };
		89369A99B2387E643CC35B18 /* Pods-KnowledgeSet-KnowledgeSetUITests.release.xcconfig */ = {isa = PBXFileReference; includeInIndex = 1; lastKnownFileType = text.xcconfig; name = "Pods-KnowledgeSet-KnowledgeSetUITests.release.xcconfig"; path = "Target Support Files/Pods-KnowledgeSet-KnowledgeSetUITests/Pods-KnowledgeSet-KnowledgeSetUITests.release.xcconfig"; sourceTree = "<group>"; };
		8A1B807D0FBE8F4841F59DB0 /* Pods-KnowledgeSetTests.release.xcconfig */ = {isa = PBXFileReference; includeInIndex = 1; lastKnownFileType = text.xcconfig; name = "Pods-KnowledgeSetTests.release.xcconfig"; path = "Target Support Files/Pods-KnowledgeSetTests/Pods-KnowledgeSetTests.release.xcconfig"; sourceTree = "<group>"; };
		A2011D3A2C9E0379A6D98A22 /* Pods-KnowledgeSetTests.debug.xcconfig */ = {isa = PBXFileReference; includeInIndex = 1; lastKnownFileType = text.xcconfig; name = "Pods-KnowledgeSetTests.debug.xcconfig"; path = "Target Support Files/Pods-KnowledgeSetTests/Pods-KnowledgeSetTests.debug.xcconfig"; sourceTree = "<group>"; };
		C7B91C80422A3DA904C48D43 /* Pods-KnowledgeSet.debug.xcconfig */ = {isa = PBXFileReference; includeInIndex = 1; lastKnownFileType = text.xcconfig; name = "Pods-KnowledgeSet.debug.xcconfig"; path = "Target Support Files/Pods-KnowledgeSet/Pods-KnowledgeSet.debug.xcconfig"; sourceTree = "<group>"; };
/* End PBXFileReference section */

/* Begin PBXFrameworksBuildPhase section */
		475D099725552EEC0087A9B1 /* Frameworks */ = {
			isa = PBXFrameworksBuildPhase;
			buildActionMask = 2147483647;
			files = (
				090528579CA702DE5970C568 /* Pods_KnowledgeSet.framework in Frameworks */,
			);
			runOnlyForDeploymentPostprocessing = 0;
		};
		475D09AD25552EEC0087A9B1 /* Frameworks */ = {
			isa = PBXFrameworksBuildPhase;
			buildActionMask = 2147483647;
			files = (
				2DDCE97A23E562957DD4C2B9 /* Pods_KnowledgeSetTests.framework in Frameworks */,
			);
			runOnlyForDeploymentPostprocessing = 0;
		};
		475D09B825552EED0087A9B1 /* Frameworks */ = {
			isa = PBXFrameworksBuildPhase;
			buildActionMask = 2147483647;
			files = (
				43151F5E632EAB966BD972CC /* Pods_KnowledgeSet_KnowledgeSetUITests.framework in Frameworks */,
			);
			runOnlyForDeploymentPostprocessing = 0;
		};
/* End PBXFrameworksBuildPhase section */

/* Begin PBXGroup section */
		2DACD2E3E7E3FDD620EB5F89 /* Pods */ = {
			isa = PBXGroup;
			children = (
				C7B91C80422A3DA904C48D43 /* Pods-KnowledgeSet.debug.xcconfig */,
				7BDFEA8AF2FE5E1959FE3A99 /* Pods-KnowledgeSet.release.xcconfig */,
				08613B55C87B4A4DAA69AEE0 /* Pods-KnowledgeSet-KnowledgeSetUITests.debug.xcconfig */,
				89369A99B2387E643CC35B18 /* Pods-KnowledgeSet-KnowledgeSetUITests.release.xcconfig */,
				A2011D3A2C9E0379A6D98A22 /* Pods-KnowledgeSetTests.debug.xcconfig */,
				8A1B807D0FBE8F4841F59DB0 /* Pods-KnowledgeSetTests.release.xcconfig */,
			);
			name = Pods;
			path = Pods;
			sourceTree = "<group>";
		};
		475D099125552EEC0087A9B1 = {
			isa = PBXGroup;
			children = (
				475D099C25552EEC0087A9B1 /* KnowledgeSet */,
				475D09B325552EEC0087A9B1 /* KnowledgeSetTests */,
				475D09BE25552EED0087A9B1 /* KnowledgeSetUITests */,
				475D099B25552EEC0087A9B1 /* Products */,
				2DACD2E3E7E3FDD620EB5F89 /* Pods */,
				C44FA0649D595E10110FCA60 /* Frameworks */,
			);
			sourceTree = "<group>";
		};
		475D099B25552EEC0087A9B1 /* Products */ = {
			isa = PBXGroup;
			children = (
				475D099A25552EEC0087A9B1 /* KnowledgeSet.app */,
				475D09B025552EEC0087A9B1 /* KnowledgeSetTests.xctest */,
				475D09BB25552EED0087A9B1 /* KnowledgeSetUITests.xctest */,
			);
			name = Products;
			sourceTree = "<group>";
		};
		475D099C25552EEC0087A9B1 /* KnowledgeSet */ = {
			isa = PBXGroup;
			children = (
				475D099D25552EEC0087A9B1 /* AppDelegate.swift */,
				475D099F25552EEC0087A9B1 /* SceneDelegate.swift */,
				475D09A125552EEC0087A9B1 /* ContentView.swift */,
				475D09A325552EEC0087A9B1 /* Assets.xcassets */,
				475D09A825552EEC0087A9B1 /* LaunchScreen.storyboard */,
				475D09AB25552EEC0087A9B1 /* Info.plist */,
				475D09A525552EEC0087A9B1 /* Preview Content */,
			);
			path = KnowledgeSet;
			sourceTree = "<group>";
		};
		475D09A525552EEC0087A9B1 /* Preview Content */ = {
			isa = PBXGroup;
			children = (
				475D09A625552EEC0087A9B1 /* Preview Assets.xcassets */,
			);
			path = "Preview Content";
			sourceTree = "<group>";
		};
		475D09B325552EEC0087A9B1 /* KnowledgeSetTests */ = {
			isa = PBXGroup;
			children = (
				475D09B425552EEC0087A9B1 /* KnowledgeSetTests.swift */,
				475D09B625552EEC0087A9B1 /* Info.plist */,
			);
			path = KnowledgeSetTests;
			sourceTree = "<group>";
		};
		475D09BE25552EED0087A9B1 /* KnowledgeSetUITests */ = {
			isa = PBXGroup;
			children = (
				475D09BF25552EED0087A9B1 /* KnowledgeSetUITests.swift */,
				475D09C125552EED0087A9B1 /* Info.plist */,
			);
			path = KnowledgeSetUITests;
			sourceTree = "<group>";
		};
		C44FA0649D595E10110FCA60 /* Frameworks */ = {
			isa = PBXGroup;
			children = (
				30019F33D4785B527B3C618C /* Pods_KnowledgeSet.framework */,
				32BEE73CD199AB2850DD551B /* Pods_KnowledgeSet_KnowledgeSetUITests.framework */,
				605885AE977FD9E41520AC7A /* Pods_KnowledgeSetTests.framework */,
			);
			name = Frameworks;
			sourceTree = "<group>";
		};
/* End PBXGroup section */

/* Begin PBXNativeTarget section */
		475D099925552EEC0087A9B1 /* KnowledgeSet */ = {
			isa = PBXNativeTarget;
			buildConfigurationList = 475D09C425552EED0087A9B1 /* Build configuration list for PBXNativeTarget "KnowledgeSet" */;
			buildPhases = (
				427FDE967BCD6DC3E422163A /* [CP] Check Pods Manifest.lock */,
				475D099625552EEC0087A9B1 /* Sources */,
				475D099725552EEC0087A9B1 /* Frameworks */,
				475D099825552EEC0087A9B1 /* Resources */,
			);
			buildRules = (
			);
			dependencies = (
			);
			name = KnowledgeSet;
			productName = KnowledgeSet;
			productReference = 475D099A25552EEC0087A9B1 /* KnowledgeSet.app */;
			productType = "com.apple.product-type.application";
		};
		475D09AF25552EEC0087A9B1 /* KnowledgeSetTests */ = {
			isa = PBXNativeTarget;
			buildConfigurationList = 475D09C725552EED0087A9B1 /* Build configuration list for PBXNativeTarget "KnowledgeSetTests" */;
			buildPhases = (
				0DFCD1A2BBB31C56D43D315C /* [CP] Check Pods Manifest.lock */,
				475D09AC25552EEC0087A9B1 /* Sources */,
				475D09AD25552EEC0087A9B1 /* Frameworks */,
				475D09AE25552EEC0087A9B1 /* Resources */,
			);
			buildRules = (
			);
			dependencies = (
				475D09B225552EEC0087A9B1 /* PBXTargetDependency */,
			);
			name = KnowledgeSetTests;
			productName = KnowledgeSetTests;
			productReference = 475D09B025552EEC0087A9B1 /* KnowledgeSetTests.xctest */;
			productType = "com.apple.product-type.bundle.unit-test";
		};
		475D09BA25552EED0087A9B1 /* KnowledgeSetUITests */ = {
			isa = PBXNativeTarget;
			buildConfigurationList = 475D09CA25552EED0087A9B1 /* Build configuration list for PBXNativeTarget "KnowledgeSetUITests" */;
			buildPhases = (
				DD8299A04A8D2445F08F15CB /* [CP] Check Pods Manifest.lock */,
				475D09B725552EED0087A9B1 /* Sources */,
				475D09B825552EED0087A9B1 /* Frameworks */,
				475D09B925552EED0087A9B1 /* Resources */,
			);
			buildRules = (
			);
			dependencies = (
				475D09BD25552EED0087A9B1 /* PBXTargetDependency */,
			);
			name = KnowledgeSetUITests;
			productName = KnowledgeSetUITests;
			productReference = 475D09BB25552EED0087A9B1 /* KnowledgeSetUITests.xctest */;
			productType = "com.apple.product-type.bundle.ui-testing";
		};
/* End PBXNativeTarget section */

/* Begin PBXProject section */
		475D099225552EEC0087A9B1 /* Project object */ = {
			isa = PBXProject;
			attributes = {
				LastSwiftUpdateCheck = 1200;
				LastUpgradeCheck = 1200;
				TargetAttributes = {
					475D099925552EEC0087A9B1 = {
						CreatedOnToolsVersion = 12.0.1;
					};
					475D09AF25552EEC0087A9B1 = {
						CreatedOnToolsVersion = 12.0.1;
						TestTargetID = 475D099925552EEC0087A9B1;
					};
					475D09BA25552EED0087A9B1 = {
						CreatedOnToolsVersion = 12.0.1;
						TestTargetID = 475D099925552EEC0087A9B1;
					};
				};
			};
			buildConfigurationList = 475D099525552EEC0087A9B1 /* Build configuration list for PBXProject "KnowledgeSet" */;
			compatibilityVersion = "Xcode 9.3";
			developmentRegion = en;
			hasScannedForEncodings = 0;
			knownRegions = (
				en,
				Base,
			);
			mainGroup = 475D099125552EEC0087A9B1;
			productRefGroup = 475D099B25552EEC0087A9B1 /* Products */;
			projectDirPath = "";
			projectRoot = "";
			targets = (
				475D099925552EEC0087A9B1 /* KnowledgeSet */,
				475D09AF25552EEC0087A9B1 /* KnowledgeSetTests */,
				475D09BA25552EED0087A9B1 /* KnowledgeSetUITests */,
			);
		};
/* End PBXProject section */

/* Begin PBXResourcesBuildPhase section */
		475D099825552EEC0087A9B1 /* Resources */ = {
			isa = PBXResourcesBuildPhase;
			buildActionMask = 2147483647;
			files = (
				475D09AA25552EEC0087A9B1 /* LaunchScreen.storyboard in Resources */,
				475D09A725552EEC0087A9B1 /* Preview Assets.xcassets in Resources */,
				475D09A425552EEC0087A9B1 /* Assets.xcassets in Resources */,
			);
			runOnlyForDeploymentPostprocessing = 0;
		};
		475D09AE25552EEC0087A9B1 /* Resources */ = {
			isa = PBXResourcesBuildPhase;
			buildActionMask = 2147483647;
			files = (
			);
			runOnlyForDeploymentPostprocessing = 0;
		};
		475D09B925552EED0087A9B1 /* Resources */ = {
			isa = PBXResourcesBuildPhase;
			buildActionMask = 2147483647;
			files = (
			);
			runOnlyForDeploymentPostprocessing = 0;
		};
/* End PBXResourcesBuildPhase section */

/* Begin PBXShellScriptBuildPhase section */
		0DFCD1A2BBB31C56D43D315C /* [CP] Check Pods Manifest.lock */ = {
			isa = PBXShellScriptBuildPhase;
			buildActionMask = 2147483647;
			files = (
			);
			inputFileListPaths = (
			);
			inputPaths = (
				"${PODS_PODFILE_DIR_PATH}/Podfile.lock",
				"${PODS_ROOT}/Manifest.lock",
			);
			name = "[CP] Check Pods Manifest.lock";
			outputFileListPaths = (
			);
			outputPaths = (
				"$(DERIVED_FILE_DIR)/Pods-KnowledgeSetTests-checkManifestLockResult.txt",
			);
			runOnlyForDeploymentPostprocessing = 0;
			shellPath = /bin/sh;
			shellScript = "diff \"${PODS_PODFILE_DIR_PATH}/Podfile.lock\" \"${PODS_ROOT}/Manifest.lock\" > /dev/null\nif [ $? != 0 ] ; then\n    # print error to STDERR\n    echo \"error: The sandbox is not in sync with the Podfile.lock. Run 'pod install' or update your CocoaPods installation.\" >&2\n    exit 1\nfi\n# This output is used by Xcode 'outputs' to avoid re-running this script phase.\necho \"SUCCESS\" > \"${SCRIPT_OUTPUT_FILE_0}\"\n";
			showEnvVarsInLog = 0;
		};
		427FDE967BCD6DC3E422163A /* [CP] Check Pods Manifest.lock */ = {
			isa = PBXShellScriptBuildPhase;
			buildActionMask = 2147483647;
			files = (
			);
			inputFileListPaths = (
			);
			inputPaths = (
				"${PODS_PODFILE_DIR_PATH}/Podfile.lock",
				"${PODS_ROOT}/Manifest.lock",
			);
			name = "[CP] Check Pods Manifest.lock";
			outputFileListPaths = (
			);
			outputPaths = (
				"$(DERIVED_FILE_DIR)/Pods-KnowledgeSet-checkManifestLockResult.txt",
			);
			runOnlyForDeploymentPostprocessing = 0;
			shellPath = /bin/sh;
			shellScript = "diff \"${PODS_PODFILE_DIR_PATH}/Podfile.lock\" \"${PODS_ROOT}/Manifest.lock\" > /dev/null\nif [ $? != 0 ] ; then\n    # print error to STDERR\n    echo \"error: The sandbox is not in sync with the Podfile.lock. Run 'pod install' or update your CocoaPods installation.\" >&2\n    exit 1\nfi\n# This output is used by Xcode 'outputs' to avoid re-running this script phase.\necho \"SUCCESS\" > \"${SCRIPT_OUTPUT_FILE_0}\"\n";
			showEnvVarsInLog = 0;
		};
		DD8299A04A8D2445F08F15CB /* [CP] Check Pods Manifest.lock */ = {
			isa = PBXShellScriptBuildPhase;
			buildActionMask = 2147483647;
			files = (
			);
			inputFileListPaths = (
			);
			inputPaths = (
				"${PODS_PODFILE_DIR_PATH}/Podfile.lock",
				"${PODS_ROOT}/Manifest.lock",
			);
			name = "[CP] Check Pods Manifest.lock";
			outputFileListPaths = (
			);
			outputPaths = (
				"$(DERIVED_FILE_DIR)/Pods-KnowledgeSet-KnowledgeSetUITests-checkManifestLockResult.txt",
			);
			runOnlyForDeploymentPostprocessing = 0;
			shellPath = /bin/sh;
			shellScript = "diff \"${PODS_PODFILE_DIR_PATH}/Podfile.lock\" \"${PODS_ROOT}/Manifest.lock\" > /dev/null\nif [ $? != 0 ] ; then\n    # print error to STDERR\n    echo \"error: The sandbox is not in sync with the Podfile.lock. Run 'pod install' or update your CocoaPods installation.\" >&2\n    exit 1\nfi\n# This output is used by Xcode 'outputs' to avoid re-running this script phase.\necho \"SUCCESS\" > \"${SCRIPT_OUTPUT_FILE_0}\"\n";
			showEnvVarsInLog = 0;
		};
/* End PBXShellScriptBuildPhase section */

/* Begin PBXSourcesBuildPhase section */
		475D099625552EEC0087A9B1 /* Sources */ = {
			isa = PBXSourcesBuildPhase;
			buildActionMask = 2147483647;
			files = (
				475D099E25552EEC0087A9B1 /* AppDelegate.swift in Sources */,
				475D09A025552EEC0087A9B1 /* SceneDelegate.swift in Sources */,
				475D09A225552EEC0087A9B1 /* ContentView.swift in Sources */,
			);
			runOnlyForDeploymentPostprocessing = 0;
		};
		475D09AC25552EEC0087A9B1 /* Sources */ = {
			isa = PBXSourcesBuildPhase;
			buildActionMask = 2147483647;
			files = (
				475D09B525552EEC0087A9B1 /* KnowledgeSetTests.swift in Sources */,
			);
			runOnlyForDeploymentPostprocessing = 0;
		};
		475D09B725552EED0087A9B1 /* Sources */ = {
			isa = PBXSourcesBuildPhase;
			buildActionMask = 2147483647;
			files = (
				475D09C025552EED0087A9B1 /* KnowledgeSetUITests.swift in Sources */,
			);
			runOnlyForDeploymentPostprocessing = 0;
		};
/* End PBXSourcesBuildPhase section */

/* Begin PBXTargetDependency section */
		475D09B225552EEC0087A9B1 /* PBXTargetDependency */ = {
			isa = PBXTargetDependency;
			target = 475D099925552EEC0087A9B1 /* KnowledgeSet */;
			targetProxy = 475D09B125552EEC0087A9B1 /* PBXContainerItemProxy */;
		};
		475D09BD25552EED0087A9B1 /* PBXTargetDependency */ = {
			isa = PBXTargetDependency;
			target = 475D099925552EEC0087A9B1 /* KnowledgeSet */;
			targetProxy = 475D09BC25552EED0087A9B1 /* PBXContainerItemProxy */;
		};
/* End PBXTargetDependency section */

/* Begin PBXVariantGroup section */
		475D09A825552EEC0087A9B1 /* LaunchScreen.storyboard */ = {
			isa = PBXVariantGroup;
			children = (
				475D09A925552EEC0087A9B1 /* Base */,
			);
			name = LaunchScreen.storyboard;
			sourceTree = "<group>";
		};
/* End PBXVariantGroup section */

/* Begin XCBuildConfiguration section */
		475D09C225552EED0087A9B1 /* Debug */ = {
			isa = XCBuildConfiguration;
			buildSettings = {
				ALWAYS_SEARCH_USER_PATHS = NO;
				CLANG_ANALYZER_NONNULL = YES;
				CLANG_ANALYZER_NUMBER_OBJECT_CONVERSION = YES_AGGRESSIVE;
				CLANG_CXX_LANGUAGE_STANDARD = "gnu++14";
				CLANG_CXX_LIBRARY = "libc++";
				CLANG_ENABLE_MODULES = YES;
				CLANG_ENABLE_OBJC_ARC = YES;
				CLANG_ENABLE_OBJC_WEAK = YES;
				CLANG_WARN_BLOCK_CAPTURE_AUTORELEASING = YES;
				CLANG_WARN_BOOL_CONVERSION = YES;
				CLANG_WARN_COMMA = YES;
				CLANG_WARN_CONSTANT_CONVERSION = YES;
				CLANG_WARN_DEPRECATED_OBJC_IMPLEMENTATIONS = YES;
				CLANG_WARN_DIRECT_OBJC_ISA_USAGE = YES_ERROR;
				CLANG_WARN_DOCUMENTATION_COMMENTS = YES;
				CLANG_WARN_EMPTY_BODY = YES;
				CLANG_WARN_ENUM_CONVERSION = YES;
				CLANG_WARN_INFINITE_RECURSION = YES;
				CLANG_WARN_INT_CONVERSION = YES;
				CLANG_WARN_NON_LITERAL_NULL_CONVERSION = YES;
				CLANG_WARN_OBJC_IMPLICIT_RETAIN_SELF = YES;
				CLANG_WARN_OBJC_LITERAL_CONVERSION = YES;
				CLANG_WARN_OBJC_ROOT_CLASS = YES_ERROR;
				CLANG_WARN_QUOTED_INCLUDE_IN_FRAMEWORK_HEADER = YES;
				CLANG_WARN_RANGE_LOOP_ANALYSIS = YES;
				CLANG_WARN_STRICT_PROTOTYPES = YES;
				CLANG_WARN_SUSPICIOUS_MOVE = YES;
				CLANG_WARN_UNGUARDED_AVAILABILITY = YES_AGGRESSIVE;
				CLANG_WARN_UNREACHABLE_CODE = YES;
				CLANG_WARN__DUPLICATE_METHOD_MATCH = YES;
				COPY_PHASE_STRIP = NO;
				DEBUG_INFORMATION_FORMAT = dwarf;
				ENABLE_STRICT_OBJC_MSGSEND = YES;
				ENABLE_TESTABILITY = YES;
				GCC_C_LANGUAGE_STANDARD = gnu11;
				GCC_DYNAMIC_NO_PIC = NO;
				GCC_NO_COMMON_BLOCKS = YES;
				GCC_OPTIMIZATION_LEVEL = 0;
				GCC_PREPROCESSOR_DEFINITIONS = (
					"DEBUG=1",
					"$(inherited)",
				);
				GCC_WARN_64_TO_32_BIT_CONVERSION = YES;
				GCC_WARN_ABOUT_RETURN_TYPE = YES_ERROR;
				GCC_WARN_UNDECLARED_SELECTOR = YES;
				GCC_WARN_UNINITIALIZED_AUTOS = YES_AGGRESSIVE;
				GCC_WARN_UNUSED_FUNCTION = YES;
				GCC_WARN_UNUSED_VARIABLE = YES;
				IPHONEOS_DEPLOYMENT_TARGET = 14.0;
				MTL_ENABLE_DEBUG_INFO = INCLUDE_SOURCE;
				MTL_FAST_MATH = YES;
				ONLY_ACTIVE_ARCH = YES;
				SDKROOT = iphoneos;
				SWIFT_ACTIVE_COMPILATION_CONDITIONS = DEBUG;
				SWIFT_OPTIMIZATION_LEVEL = "-Onone";
			};
			name = Debug;
		};
		475D09C325552EED0087A9B1 /* Release */ = {
			isa = XCBuildConfiguration;
			buildSettings = {
				ALWAYS_SEARCH_USER_PATHS = NO;
				CLANG_ANALYZER_NONNULL = YES;
				CLANG_ANALYZER_NUMBER_OBJECT_CONVERSION = YES_AGGRESSIVE;
				CLANG_CXX_LANGUAGE_STANDARD = "gnu++14";
				CLANG_CXX_LIBRARY = "libc++";
				CLANG_ENABLE_MODULES = YES;
				CLANG_ENABLE_OBJC_ARC = YES;
				CLANG_ENABLE_OBJC_WEAK = YES;
				CLANG_WARN_BLOCK_CAPTURE_AUTORELEASING = YES;
				CLANG_WARN_BOOL_CONVERSION = YES;
				CLANG_WARN_COMMA = YES;
				CLANG_WARN_CONSTANT_CONVERSION = YES;
				CLANG_WARN_DEPRECATED_OBJC_IMPLEMENTATIONS = YES;
				CLANG_WARN_DIRECT_OBJC_ISA_USAGE = YES_ERROR;
				CLANG_WARN_DOCUMENTATION_COMMENTS = YES;
				CLANG_WARN_EMPTY_BODY = YES;
				CLANG_WARN_ENUM_CONVERSION = YES;
				CLANG_WARN_INFINITE_RECURSION = YES;
				CLANG_WARN_INT_CONVERSION = YES;
				CLANG_WARN_NON_LITERAL_NULL_CONVERSION = YES;
				CLANG_WARN_OBJC_IMPLICIT_RETAIN_SELF = YES;
				CLANG_WARN_OBJC_LITERAL_CONVERSION = YES;
				CLANG_WARN_OBJC_ROOT_CLASS = YES_ERROR;
				CLANG_WARN_QUOTED_INCLUDE_IN_FRAMEWORK_HEADER = YES;
				CLANG_WARN_RANGE_LOOP_ANALYSIS = YES;
				CLANG_WARN_STRICT_PROTOTYPES = YES;
				CLANG_WARN_SUSPICIOUS_MOVE = YES;
				CLANG_WARN_UNGUARDED_AVAILABILITY = YES_AGGRESSIVE;
				CLANG_WARN_UNREACHABLE_CODE = YES;
				CLANG_WARN__DUPLICATE_METHOD_MATCH = YES;
				COPY_PHASE_STRIP = NO;
				DEBUG_INFORMATION_FORMAT = "dwarf-with-dsym";
				ENABLE_NS_ASSERTIONS = NO;
				ENABLE_STRICT_OBJC_MSGSEND = YES;
				GCC_C_LANGUAGE_STANDARD = gnu11;
				GCC_NO_COMMON_BLOCKS = YES;
				GCC_WARN_64_TO_32_BIT_CONVERSION = YES;
				GCC_WARN_ABOUT_RETURN_TYPE = YES_ERROR;
				GCC_WARN_UNDECLARED_SELECTOR = YES;
				GCC_WARN_UNINITIALIZED_AUTOS = YES_AGGRESSIVE;
				GCC_WARN_UNUSED_FUNCTION = YES;
				GCC_WARN_UNUSED_VARIABLE = YES;
				IPHONEOS_DEPLOYMENT_TARGET = 14.0;
				MTL_ENABLE_DEBUG_INFO = NO;
				MTL_FAST_MATH = YES;
				SDKROOT = iphoneos;
				SWIFT_COMPILATION_MODE = wholemodule;
				SWIFT_OPTIMIZATION_LEVEL = "-O";
				VALIDATE_PRODUCT = YES;
			};
			name = Release;
		};
		475D09C525552EED0087A9B1 /* Debug */ = {
			isa = XCBuildConfiguration;
			baseConfigurationReference = C7B91C80422A3DA904C48D43 /* Pods-KnowledgeSet.debug.xcconfig */;
			buildSettings = {
				ASSETCATALOG_COMPILER_APPICON_NAME = AppIcon;
				ASSETCATALOG_COMPILER_GLOBAL_ACCENT_COLOR_NAME = AccentColor;
				CODE_SIGN_STYLE = Automatic;
				DEVELOPMENT_ASSET_PATHS = "\"KnowledgeSet/Preview Content\"";
				ENABLE_PREVIEWS = YES;
				INFOPLIST_FILE = KnowledgeSet/Info.plist;
				LD_RUNPATH_SEARCH_PATHS = (
					"$(inherited)",
					"@executable_path/Frameworks",
				);
				PRODUCT_BUNDLE_IDENTIFIER = com.capgemini.com.KnowledgeSet;
				PRODUCT_NAME = "$(TARGET_NAME)";
				SWIFT_VERSION = 5.0;
				TARGETED_DEVICE_FAMILY = "1,2";
			};
			name = Debug;
		};
		475D09C625552EED0087A9B1 /* Release */ = {
			isa = XCBuildConfiguration;
			baseConfigurationReference = 7BDFEA8AF2FE5E1959FE3A99 /* Pods-KnowledgeSet.release.xcconfig */;
			buildSettings = {
				ASSETCATALOG_COMPILER_APPICON_NAME = AppIcon;
				ASSETCATALOG_COMPILER_GLOBAL_ACCENT_COLOR_NAME = AccentColor;
				CODE_SIGN_STYLE = Automatic;
				DEVELOPMENT_ASSET_PATHS = "\"KnowledgeSet/Preview Content\"";
				ENABLE_PREVIEWS = YES;
				INFOPLIST_FILE = KnowledgeSet/Info.plist;
				LD_RUNPATH_SEARCH_PATHS = (
					"$(inherited)",
					"@executable_path/Frameworks",
				);
				PRODUCT_BUNDLE_IDENTIFIER = com.capgemini.com.KnowledgeSet;
				PRODUCT_NAME = "$(TARGET_NAME)";
				SWIFT_VERSION = 5.0;
				TARGETED_DEVICE_FAMILY = "1,2";
			};
			name = Release;
		};
		475D09C825552EED0087A9B1 /* Debug */ = {
			isa = XCBuildConfiguration;
			baseConfigurationReference = A2011D3A2C9E0379A6D98A22 /* Pods-KnowledgeSetTests.debug.xcconfig */;
			buildSettings = {
				ALWAYS_EMBED_SWIFT_STANDARD_LIBRARIES = YES;
				BUNDLE_LOADER = "$(TEST_HOST)";
				CODE_SIGN_STYLE = Automatic;
				INFOPLIST_FILE = KnowledgeSetTests/Info.plist;
				IPHONEOS_DEPLOYMENT_TARGET = 14.0;
				LD_RUNPATH_SEARCH_PATHS = (
					"$(inherited)",
					"@executable_path/Frameworks",
					"@loader_path/Frameworks",
				);
				PRODUCT_BUNDLE_IDENTIFIER = com.capgemini.com.KnowledgeSetTests;
				PRODUCT_NAME = "$(TARGET_NAME)";
				SWIFT_VERSION = 5.0;
				TARGETED_DEVICE_FAMILY = "1,2";
				TEST_HOST = "$(BUILT_PRODUCTS_DIR)/KnowledgeSet.app/KnowledgeSet";
			};
			name = Debug;
		};
		475D09C925552EED0087A9B1 /* Release */ = {
			isa = XCBuildConfiguration;
			baseConfigurationReference = 8A1B807D0FBE8F4841F59DB0 /* Pods-KnowledgeSetTests.release.xcconfig */;
			buildSettings = {
				ALWAYS_EMBED_SWIFT_STANDARD_LIBRARIES = YES;
				BUNDLE_LOADER = "$(TEST_HOST)";
				CODE_SIGN_STYLE = Automatic;
				INFOPLIST_FILE = KnowledgeSetTests/Info.plist;
				IPHONEOS_DEPLOYMENT_TARGET = 14.0;
				LD_RUNPATH_SEARCH_PATHS = (
					"$(inherited)",
					"@executable_path/Frameworks",
					"@loader_path/Frameworks",
				);
				PRODUCT_BUNDLE_IDENTIFIER = com.capgemini.com.KnowledgeSetTests;
				PRODUCT_NAME = "$(TARGET_NAME)";
				SWIFT_VERSION = 5.0;
				TARGETED_DEVICE_FAMILY = "1,2";
				TEST_HOST = "$(BUILT_PRODUCTS_DIR)/KnowledgeSet.app/KnowledgeSet";
			};
			name = Release;
		};
		475D09CB25552EED0087A9B1 /* Debug */ = {
			isa = XCBuildConfiguration;
			baseConfigurationReference = 08613B55C87B4A4DAA69AEE0 /* Pods-KnowledgeSet-KnowledgeSetUITests.debug.xcconfig */;
			buildSettings = {
				ALWAYS_EMBED_SWIFT_STANDARD_LIBRARIES = YES;
				CODE_SIGN_STYLE = Automatic;
				INFOPLIST_FILE = KnowledgeSetUITests/Info.plist;
				LD_RUNPATH_SEARCH_PATHS = (
					"$(inherited)",
					"@executable_path/Frameworks",
					"@loader_path/Frameworks",
				);
				PRODUCT_BUNDLE_IDENTIFIER = com.capgemini.com.KnowledgeSetUITests;
				PRODUCT_NAME = "$(TARGET_NAME)";
				SWIFT_VERSION = 5.0;
				TARGETED_DEVICE_FAMILY = "1,2";
				TEST_TARGET_NAME = KnowledgeSet;
			};
			name = Debug;
		};
		475D09CC25552EED0087A9B1 /* Release */ = {
			isa = XCBuildConfiguration;
			baseConfigurationReference = 89369A99B2387E643CC35B18 /* Pods-KnowledgeSet-KnowledgeSetUITests.release.xcconfig */;
			buildSettings = {
				ALWAYS_EMBED_SWIFT_STANDARD_LIBRARIES = YES;
				CODE_SIGN_STYLE = Automatic;
				INFOPLIST_FILE = KnowledgeSetUITests/Info.plist;
				LD_RUNPATH_SEARCH_PATHS = (
					"$(inherited)",
					"@executable_path/Frameworks",
					"@loader_path/Frameworks",
				);
				PRODUCT_BUNDLE_IDENTIFIER = com.capgemini.com.KnowledgeSetUITests;
				PRODUCT_NAME = "$(TARGET_NAME)";
				SWIFT_VERSION = 5.0;
				TARGETED_DEVICE_FAMILY = "1,2";
				TEST_TARGET_NAME = KnowledgeSet;
			};
			name = Release;
		};
/* End XCBuildConfiguration section */

/* Begin XCConfigurationList section */
		475D099525552EEC0087A9B1 /* Build configuration list for PBXProject "KnowledgeSet" */ = {
			isa = XCConfigurationList;
			buildConfigurations = (
				475D09C225552EED0087A9B1 /* Debug */,
				475D09C325552EED0087A9B1 /* Release */,
			);
			defaultConfigurationIsVisible = 0;
			defaultConfigurationName = Release;
		};
		475D09C425552EED0087A9B1 /* Build configuration list for PBXNativeTarget "KnowledgeSet" */ = {
			isa = XCConfigurationList;
			buildConfigurations = (
				475D09C525552EED0087A9B1 /* Debug */,
				475D09C625552EED0087A9B1 /* Release */,
			);
			defaultConfigurationIsVisible = 0;
			defaultConfigurationName = Release;
		};
		475D09C725552EED0087A9B1 /* Build configuration list for PBXNativeTarget "KnowledgeSetTests" */ = {
			isa = XCConfigurationList;
			buildConfigurations = (
				475D09C825552EED0087A9B1 /* Debug */,
				475D09C925552EED0087A9B1 /* Release */,
			);
			defaultConfigurationIsVisible = 0;
			defaultConfigurationName = Release;
		};
		475D09CA25552EED0087A9B1 /* Build configuration list for PBXNativeTarget "KnowledgeSetUITests" */ = {
			isa = XCConfigurationList;
			buildConfigurations = (
				475D09CB25552EED0087A9B1 /* Debug */,
				475D09CC25552EED0087A9B1 /* Release */,
			);
			defaultConfigurationIsVisible = 0;
			defaultConfigurationName = Release;
		};
/* End XCConfigurationList section */
	};
	rootObject = 475D099225552EEC0087A9B1 /* Project object */;
}
